// !$*UTF8*$!
{
	archiveVersion = 1;
	classes = {
	};
	objectVersion = 46;
	objects = {

/* Begin PBXBuildFile section */
		A900E7431D9D6A1900CB6A6D /* AppDelegate.swift in Sources */ = {isa = PBXBuildFile; fileRef = A900E7421D9D6A1900CB6A6D /* AppDelegate.swift */; };
		A900E7451D9D6A1900CB6A6D /* ViewController.swift in Sources */ = {isa = PBXBuildFile; fileRef = A900E7441D9D6A1900CB6A6D /* ViewController.swift */; };
		A900E7481D9D6A1900CB6A6D /* Main.storyboard in Resources */ = {isa = PBXBuildFile; fileRef = A900E7461D9D6A1900CB6A6D /* Main.storyboard */; };
		A900E74A1D9D6A1900CB6A6D /* Assets.xcassets in Resources */ = {isa = PBXBuildFile; fileRef = A900E7491D9D6A1900CB6A6D /* Assets.xcassets */; };
		A900E74D1D9D6A1900CB6A6D /* LaunchScreen.storyboard in Resources */ = {isa = PBXBuildFile; fileRef = A900E74B1D9D6A1900CB6A6D /* LaunchScreen.storyboard */; };
		A900E7551D9D6CD100CB6A6D /* Common.swift in Sources */ = {isa = PBXBuildFile; fileRef = A900E7541D9D6CD100CB6A6D /* Common.swift */; };
		A900E7571D9D6E5D00CB6A6D /* introViewController.swift in Sources */ = {isa = PBXBuildFile; fileRef = A900E7561D9D6E5D00CB6A6D /* introViewController.swift */; };
		A900E75A1D9EB79F00CB6A6D /* LoginViewController.swift in Sources */ = {isa = PBXBuildFile; fileRef = A900E7591D9EB79F00CB6A6D /* LoginViewController.swift */; };
		A929693C1DA1B80C00F63F73 /* conversationViewController.swift in Sources */ = {isa = PBXBuildFile; fileRef = A929693B1DA1B80C00F63F73 /* conversationViewController.swift */; };
		A929693E1DA1B81D00F63F73 /* settingsViewController.swift in Sources */ = {isa = PBXBuildFile; fileRef = A929693D1DA1B81D00F63F73 /* settingsViewController.swift */; };
		A98D911C1DA1B329008E0103 /* imageTimelineController.swift in Sources */ = {isa = PBXBuildFile; fileRef = A98D911B1DA1B329008E0103 /* imageTimelineController.swift */; };
		A9F5CC7B1DA09BE700D54730 /* tutorialViewController.swift in Sources */ = {isa = PBXBuildFile; fileRef = A9F5CC7A1DA09BE700D54730 /* tutorialViewController.swift */; };
/* End PBXBuildFile section */

/* Begin PBXFileReference section */
		A900E73F1D9D6A1900CB6A6D /* Week2-Carousel.app */ = {isa = PBXFileReference; explicitFileType = wrapper.application; includeInIndex = 0; path = "Week2-Carousel.app"; sourceTree = BUILT_PRODUCTS_DIR; };
		A900E7421D9D6A1900CB6A6D /* AppDelegate.swift */ = {isa = PBXFileReference; lastKnownFileType = sourcecode.swift; path = AppDelegate.swift; sourceTree = "<group>"; };
		A900E7441D9D6A1900CB6A6D /* ViewController.swift */ = {isa = PBXFileReference; lastKnownFileType = sourcecode.swift; path = ViewController.swift; sourceTree = "<group>"; };
		A900E7471D9D6A1900CB6A6D /* Base */ = {isa = PBXFileReference; lastKnownFileType = file.storyboard; name = Base; path = Base.lproj/Main.storyboard; sourceTree = "<group>"; };
		A900E7491D9D6A1900CB6A6D /* Assets.xcassets */ = {isa = PBXFileReference; lastKnownFileType = folder.assetcatalog; path = Assets.xcassets; sourceTree = "<group>"; };
		A900E74C1D9D6A1900CB6A6D /* Base */ = {isa = PBXFileReference; lastKnownFileType = file.storyboard; name = Base; path = Base.lproj/LaunchScreen.storyboard; sourceTree = "<group>"; };
		A900E74E1D9D6A1A00CB6A6D /* Info.plist */ = {isa = PBXFileReference; lastKnownFileType = text.plist.xml; path = Info.plist; sourceTree = "<group>"; };
		A900E7541D9D6CD100CB6A6D /* Common.swift */ = {isa = PBXFileReference; fileEncoding = 4; lastKnownFileType = sourcecode.swift; path = Common.swift; sourceTree = "<group>"; };
		A900E7561D9D6E5D00CB6A6D /* introViewController.swift */ = {isa = PBXFileReference; fileEncoding = 4; lastKnownFileType = sourcecode.swift; path = introViewController.swift; sourceTree = "<group>"; };
		A900E7591D9EB79F00CB6A6D /* LoginViewController.swift */ = {isa = PBXFileReference; fileEncoding = 4; lastKnownFileType = sourcecode.swift; path = LoginViewController.swift; sourceTree = "<group>"; };
		A929693B1DA1B80C00F63F73 /* conversationViewController.swift */ = {isa = PBXFileReference; fileEncoding = 4; lastKnownFileType = sourcecode.swift; path = conversationViewController.swift; sourceTree = "<group>"; };
		A929693D1DA1B81D00F63F73 /* settingsViewController.swift */ = {isa = PBXFileReference; fileEncoding = 4; lastKnownFileType = sourcecode.swift; name = settingsViewController.swift; path = ../settingsViewController.swift; sourceTree = "<group>"; };
		A98D911B1DA1B329008E0103 /* imageTimelineController.swift */ = {isa = PBXFileReference; fileEncoding = 4; lastKnownFileType = sourcecode.swift; path = imageTimelineController.swift; sourceTree = "<group>"; };
		A9F5CC7A1DA09BE700D54730 /* tutorialViewController.swift */ = {isa = PBXFileReference; fileEncoding = 4; lastKnownFileType = sourcecode.swift; path = tutorialViewController.swift; sourceTree = "<group>"; };
/* End PBXFileReference section */

/* Begin PBXFrameworksBuildPhase section */
		A900E73C1D9D6A1900CB6A6D /* Frameworks */ = {
			isa = PBXFrameworksBuildPhase;
			buildActionMask = 2147483647;
			files = (
			);
			runOnlyForDeploymentPostprocessing = 0;
		};
/* End PBXFrameworksBuildPhase section */

/* Begin PBXGroup section */
		A900E7361D9D6A1900CB6A6D = {
			isa = PBXGroup;
			children = (
				A900E7411D9D6A1900CB6A6D /* Week2-Carousel */,
				A900E7401D9D6A1900CB6A6D /* Products */,
			);
			sourceTree = "<group>";
		};
		A900E7401D9D6A1900CB6A6D /* Products */ = {
			isa = PBXGroup;
			children = (
				A900E73F1D9D6A1900CB6A6D /* Week2-Carousel.app */,
			);
			name = Products;
			sourceTree = "<group>";
		};
		A900E7411D9D6A1900CB6A6D /* Week2-Carousel */ = {
			isa = PBXGroup;
			children = (
				A900E7581D9D6E7C00CB6A6D /* Controllers */,
				A900E7421D9D6A1900CB6A6D /* AppDelegate.swift */,
				A900E7441D9D6A1900CB6A6D /* ViewController.swift */,
				A900E7461D9D6A1900CB6A6D /* Main.storyboard */,
				A900E7491D9D6A1900CB6A6D /* Assets.xcassets */,
				A900E74B1D9D6A1900CB6A6D /* LaunchScreen.storyboard */,
				A900E74E1D9D6A1A00CB6A6D /* Info.plist */,
			);
			path = "Week2-Carousel";
			sourceTree = "<group>";
		};
		A900E7581D9D6E7C00CB6A6D /* Controllers */ = {
			isa = PBXGroup;
			children = (
				A929693D1DA1B81D00F63F73 /* settingsViewController.swift */,
				A900E7591D9EB79F00CB6A6D /* LoginViewController.swift */,
				A900E7561D9D6E5D00CB6A6D /* introViewController.swift */,
				A900E7541D9D6CD100CB6A6D /* Common.swift */,
				A9F5CC7A1DA09BE700D54730 /* tutorialViewController.swift */,
				A98D911B1DA1B329008E0103 /* imageTimelineController.swift */,
				A929693B1DA1B80C00F63F73 /* conversationViewController.swift */,
			);
			name = Controllers;
			sourceTree = "<group>";
		};
/* End PBXGroup section */

/* Begin PBXNativeTarget section */
		A900E73E1D9D6A1900CB6A6D /* Week2-Carousel */ = {
			isa = PBXNativeTarget;
			buildConfigurationList = A900E7511D9D6A1A00CB6A6D /* Build configuration list for PBXNativeTarget "Week2-Carousel" */;
			buildPhases = (
				A900E73B1D9D6A1900CB6A6D /* Sources */,
				A900E73C1D9D6A1900CB6A6D /* Frameworks */,
				A900E73D1D9D6A1900CB6A6D /* Resources */,
			);
			buildRules = (
			);
			dependencies = (
			);
			name = "Week2-Carousel";
			productName = "Week2-Carousel";
			productReference = A900E73F1D9D6A1900CB6A6D /* Week2-Carousel.app */;
			productType = "com.apple.product-type.application";
		};
/* End PBXNativeTarget section */

/* Begin PBXProject section */
		A900E7371D9D6A1900CB6A6D /* Project object */ = {
			isa = PBXProject;
			attributes = {
				LastSwiftUpdateCheck = 0800;
				LastUpgradeCheck = 0800;
				ORGANIZATIONNAME = "Nguyen, Quan";
				TargetAttributes = {
					A900E73E1D9D6A1900CB6A6D = {
						CreatedOnToolsVersion = 8.0;
						ProvisioningStyle = Automatic;
					};
				};
			};
			buildConfigurationList = A900E73A1D9D6A1900CB6A6D /* Build configuration list for PBXProject "Week2-Carousel" */;
			compatibilityVersion = "Xcode 3.2";
			developmentRegion = English;
			hasScannedForEncodings = 0;
			knownRegions = (
				en,
				Base,
			);
			mainGroup = A900E7361D9D6A1900CB6A6D;
			productRefGroup = A900E7401D9D6A1900CB6A6D /* Products */;
			projectDirPath = "";
			projectRoot = "";
			targets = (
				A900E73E1D9D6A1900CB6A6D /* Week2-Carousel */,
			);
		};
/* End PBXProject section */

/* Begin PBXResourcesBuildPhase section */
		A900E73D1D9D6A1900CB6A6D /* Resources */ = {
			isa = PBXResourcesBuildPhase;
			buildActionMask = 2147483647;
			files = (
				A900E74D1D9D6A1900CB6A6D /* LaunchScreen.storyboard in Resources */,
				A900E74A1D9D6A1900CB6A6D /* Assets.xcassets in Resources */,
				A900E7481D9D6A1900CB6A6D /* Main.storyboard in Resources */,
			);
			runOnlyForDeploymentPostprocessing = 0;
		};
/* End PBXResourcesBuildPhase section */

/* Begin PBXSourcesBuildPhase section */
		A900E73B1D9D6A1900CB6A6D /* Sources */ = {
			isa = PBXSourcesBuildPhase;
			buildActionMask = 2147483647;
			files = (
				A900E7451D9D6A1900CB6A6D /* ViewController.swift in Sources */,
				A900E7551D9D6CD100CB6A6D /* Common.swift in Sources */,
				A929693E1DA1B81D00F63F73 /* settingsViewController.swift in Sources */,
				A929693C1DA1B80C00F63F73 /* conversationViewController.swift in Sources */,
				A9F5CC7B1DA09BE700D54730 /* tutorialViewController.swift in Sources */,
				A98D911C1DA1B329008E0103 /* imageTimelineController.swift in Sources */,
				A900E7431D9D6A1900CB6A6D /* AppDelegate.swift in Sources */,
				A900E75A1D9EB79F00CB6A6D /* LoginViewController.swift in Sources */,
				A900E7571D9D6E5D00CB6A6D /* introViewController.swift in Sources */,
			);
			runOnlyForDeploymentPostprocessing = 0;
		};
/* End PBXSourcesBuildPhase section */

/* Begin PBXVariantGroup section */
		A900E7461D9D6A1900CB6A6D /* Main.storyboard */ = {
			isa = PBXVariantGroup;
			children = (
				A900E7471D9D6A1900CB6A6D /* Base */,
			);
			name = Main.storyboard;
			sourceTree = "<group>";
		};
		A900E74B1D9D6A1900CB6A6D /* LaunchScreen.storyboard */ = {
			isa = PBXVariantGroup;
			children = (
				A900E74C1D9D6A1900CB6A6D /* Base */,
			);
			name = LaunchScreen.storyboard;
			sourceTree = "<group>";
		};
/* End PBXVariantGroup section */

/* Begin XCBuildConfiguration section */
		A900E74F1D9D6A1A00CB6A6D /* Debug */ = {
			isa = XCBuildConfiguration;
			buildSettings = {
				ALWAYS_SEARCH_USER_PATHS = NO;
				CLANG_ANALYZER_NONNULL = YES;
				CLANG_CXX_LANGUAGE_STANDARD = "gnu++0x";
				CLANG_CXX_LIBRARY = "libc++";
				CLANG_ENABLE_MODULES = YES;
				CLANG_ENABLE_OBJC_ARC = YES;
				CLANG_WARN_BOOL_CONVERSION = YES;
				CLANG_WARN_CONSTANT_CONVERSION = YES;
				CLANG_WARN_DIRECT_OBJC_ISA_USAGE = YES_ERROR;
				CLANG_WARN_DOCUMENTATION_COMMENTS = YES;
				CLANG_WARN_EMPTY_BODY = YES;
				CLANG_WARN_ENUM_CONVERSION = YES;
				CLANG_WARN_INFINITE_RECURSION = YES;
				CLANG_WARN_INT_CONVERSION = YES;
				CLANG_WARN_OBJC_ROOT_CLASS = YES_ERROR;
				CLANG_WARN_SUSPICIOUS_MOVES = YES;
				CLANG_WARN_UNREACHABLE_CODE = YES;
				CLANG_WARN__DUPLICATE_METHOD_MATCH = YES;
				"CODE_SIGN_IDENTITY[sdk=iphoneos*]" = "iPhone Developer";
				COPY_PHASE_STRIP = NO;
				DEBUG_INFORMATION_FORMAT = dwarf;
				ENABLE_STRICT_OBJC_MSGSEND = YES;
				ENABLE_TESTABILITY = YES;
				GCC_C_LANGUAGE_STANDARD = gnu99;
				GCC_DYNAMIC_NO_PIC = NO;
				GCC_NO_COMMON_BLOCKS = YES;
				GCC_OPTIMIZATION_LEVEL = 0;
				GCC_PREPROCESSOR_DEFINITIONS = (
					"DEBUG=1",
					"$(inherited)",
				);
				GCC_WARN_64_TO_32_BIT_CONVERSION = YES;
				GCC_WARN_ABOUT_RETURN_TYPE = YES_ERROR;
				GCC_WARN_UNDECLARED_SELECTOR = YES;
				GCC_WARN_UNINITIALIZED_AUTOS = YES_AGGRESSIVE;
				GCC_WARN_UNUSED_FUNCTION = YES;
				GCC_WARN_UNUSED_VARIABLE = YES;
				IPHONEOS_DEPLOYMENT_TARGET = 10.0;
				MTL_ENABLE_DEBUG_INFO = YES;
				ONLY_ACTIVE_ARCH = YES;
				SDKROOT = iphoneos;
				SWIFT_ACTIVE_COMPILATION_CONDITIONS = DEBUG;
				SWIFT_OPTIMIZATION_LEVEL = "-Onone";
			};
			name = Debug;
		};
		A900E7501D9D6A1A00CB6A6D /* Release */ = {
			isa = XCBuildConfiguration;
			buildSettings = {
				ALWAYS_SEARCH_USER_PATHS = NO;
				CLANG_ANALYZER_NONNULL = YES;
				CLANG_CXX_LANGUAGE_STANDARD = "gnu++0x";
				CLANG_CXX_LIBRARY = "libc++";
				CLANG_ENABLE_MODULES = YES;
				CLANG_ENABLE_OBJC_ARC = YES;
				CLANG_WARN_BOOL_CONVERSION = YES;
				CLANG_WARN_CONSTANT_CONVERSION = YES;
				CLANG_WARN_DIRECT_OBJC_ISA_USAGE = YES_ERROR;
				CLANG_WARN_DOCUMENTATION_COMMENTS = YES;
				CLANG_WARN_EMPTY_BODY = YES;
				CLANG_WARN_ENUM_CONVERSION = YES;
				CLANG_WARN_INFINITE_RECURSION = YES;
				CLANG_WARN_INT_CONVERSION = YES;
				CLANG_WARN_OBJC_ROOT_CLASS = YES_ERROR;
				CLANG_WARN_SUSPICIOUS_MOVES = YES;
				CLANG_WARN_UNREACHABLE_CODE = YES;
				CLANG_WARN__DUPLICATE_METHOD_MATCH = YES;
				"CODE_SIGN_IDENTITY[sdk=iphoneos*]" = "iPhone Developer";
				COPY_PHASE_STRIP = NO;
				DEBUG_INFORMATION_FORMAT = "dwarf-with-dsym";
				ENABLE_NS_ASSERTIONS = NO;
				ENABLE_STRICT_OBJC_MSGSEND = YES;
				GCC_C_LANGUAGE_STANDARD = gnu99;
				GCC_NO_COMMON_BLOCKS = YES;
				GCC_WARN_64_TO_32_BIT_CONVERSION = YES;
				GCC_WARN_ABOUT_RETURN_TYPE = YES_ERROR;
				GCC_WARN_UNDECLARED_SELECTOR = YES;
				GCC_WARN_UNINITIALIZED_AUTOS = YES_AGGRESSIVE;
				GCC_WARN_UNUSED_FUNCTION = YES;
				GCC_WARN_UNUSED_VARIABLE = YES;
				IPHONEOS_DEPLOYMENT_TARGET = 10.0;
				MTL_ENABLE_DEBUG_INFO = NO;
				SDKROOT = iphoneos;
				SWIFT_OPTIMIZATION_LEVEL = "-Owholemodule";
				VALIDATE_PRODUCT = YES;
			};
			name = Release;
		};
		A900E7521D9D6A1A00CB6A6D /* Debug */ = {
			isa = XCBuildConfiguration;
			buildSettings = {
				ASSETCATALOG_COMPILER_APPICON_NAME = AppIcon;
				INFOPLIST_FILE = "Week2-Carousel/Info.plist";
				LD_RUNPATH_SEARCH_PATHS = "$(inherited) @executable_path/Frameworks";
				PRODUCT_BUNDLE_IDENTIFIER = "level.Week2-Carousel";
				PRODUCT_NAME = "$(TARGET_NAME)";
				SWIFT_VERSION = 3.0;
			};
			name = Debug;
		};
		A900E7531D9D6A1A00CB6A6D /* Release */ = {
			isa = XCBuildConfiguration;
			buildSettings = {
				ASSETCATALOG_COMPILER_APPICON_NAME = AppIcon;
				INFOPLIST_FILE = "Week2-Carousel/Info.plist";
				LD_RUNPATH_SEARCH_PATHS = "$(inherited) @executable_path/Frameworks";
				PRODUCT_BUNDLE_IDENTIFIER = "level.Week2-Carousel";
				PRODUCT_NAME = "$(TARGET_NAME)";
				SWIFT_VERSION = 3.0;
			};
			name = Release;
		};
/* End XCBuildConfiguration section */

/* Begin XCConfigurationList section */
		A900E73A1D9D6A1900CB6A6D /* Build configuration list for PBXProject "Week2-Carousel" */ = {
			isa = XCConfigurationList;
			buildConfigurations = (
				A900E74F1D9D6A1A00CB6A6D /* Debug */,
				A900E7501D9D6A1A00CB6A6D /* Release */,
			);
			defaultConfigurationIsVisible = 0;
			defaultConfigurationName = Release;
		};
		A900E7511D9D6A1A00CB6A6D /* Build configuration list for PBXNativeTarget "Week2-Carousel" */ = {
			isa = XCConfigurationList;
			buildConfigurations = (
				A900E7521D9D6A1A00CB6A6D /* Debug */,
				A900E7531D9D6A1A00CB6A6D /* Release */,
			);
			defaultConfigurationIsVisible = 0;
			defaultConfigurationName = Release;
		};
/* End XCConfigurationList section */
	};
	rootObject = A900E7371D9D6A1900CB6A6D /* Project object */;
}
